
Microsoft Visual Studio Solution File, Format Version 12.00
# Visual Studio Version 17
VisualStudioVersion = 17.11.35222.181
MinimumVisualStudioVersion = 10.0.40219.1
Project("{FAE04EC0-301F-11D3-BF4B-00C04F79EFBC}") = "MidTermReview", "MidTermReview.csproj", "{6A785397-6996-4EC7-9E9A-59EF99E139AB}"
EndProject
Global
	GlobalSection(SolutionConfigurationPlatforms) = preSolution
		Debug|Any CPU = Debug|Any CPU
		Release|Any CPU = Release|Any CPU
	EndGlobalSection
	GlobalSection(ProjectConfigurationPlatforms) = postSolution
		{6A785397-6996-4EC7-9E9A-59EF99E139AB}.Debug|Any CPU.ActiveCfg = Debug|Any CPU
		{6A785397-6996-4EC7-9E9A-59EF99E139AB}.Debug|Any CPU.Build.0 = Debug|Any CPU
		{6A785397-6996-4EC7-9E9A-59EF99E139AB}.Release|Any CPU.ActiveCfg = Release|Any CPU
		{6A785397-6996-4EC7-9E9A-59EF99E139AB}.Release|Any CPU.Build.0 = Release|Any CPU
	EndGlobalSection
	GlobalSection(SolutionProperties) = preSolution
		HideSolutionNode = FALSE
	EndGlobalSection
	GlobalSection(ExtensibilityGlobals) = postSolution
		SolutionGuid = {C2C9886C-1A09-4218-A574-EB238A4A8EA1}
	EndGlobalSection
EndGlobal
